<?xml version="1.0" encoding="utf-8"?>
<Project ToolsVersion="4.0" xmlns="http://schemas.microsoft.com/developer/msbuild/2003">
  <ItemGroup>
    <Filter Include="源文件">
      <UniqueIdentifier>{4FC737F1-C7A5-4376-A066-2A32D752A2FF}</UniqueIdentifier>
      <Extensions>cpp;c;cc;cxx;def;odl;idl;hpj;bat;asm;asmx</Extensions>
    </Filter>
    <Filter Include="头文件">
      <UniqueIdentifier>{93995380-89BD-4b04-88EB-625FBE52EBFB}</UniqueIdentifier>
      <Extensions>h;hh;hpp;hxx;hm;inl;inc;xsd</Extensions>
    </Filter>
    <Filter Include="资源文件">
      <UniqueIdentifier>{67DA6AB6-F800-4c08-8B7A-83BB121AAD01}</UniqueIdentifier>
      <Extensions>rc;ico;cur;bmp;dlg;rc2;rct;bin;rgs;gif;jpg;jpeg;jpe;resx;tiff;tif;png;wav;mfcribbon-ms</Extensions>
    </Filter>
  </ItemGroup>
  <ItemGroup>
    <ClCompile Include="sfmlmain.cpp">
      <Filter>源文件</Filter>
    </ClCompile>
    <ClCompile Include="Entity.cpp">
      <Filter>源文件</Filter>
    </ClCompile>
    <ClCompile Include="Aircraft.cpp">
      <Filter>源文件</Filter>
    </ClCompile>
    <ClCompile Include="SceneNode.cpp">
      <Filter>源文件</Filter>
    </ClCompile>
    <ClCompile Include="SpriteNode.cpp">
      <Filter>源文件</Filter>
    </ClCompile>
    <ClCompile Include="CommandQueue.cpp">
      <Filter>源文件</Filter>
    </ClCompile>
    <ClCompile Include="Player.cpp">
      <Filter>源文件</Filter>
    </ClCompile>
    <ClCompile Include="StateStack.cpp">
      <Filter>源文件</Filter>
    </ClCompile>
    <ClCompile Include="State.cpp">
      <Filter>源文件</Filter>
    </ClCompile>
    <ClCompile Include="TitleState.cpp">
      <Filter>源文件</Filter>
    </ClCompile>
    <ClCompile Include="MenuState.cpp">
      <Filter>源文件</Filter>
    </ClCompile>
    <ClCompile Include="GameState.cpp">
      <Filter>源文件</Filter>
    </ClCompile>
    <ClCompile Include="PauseState.cpp">
      <Filter>源文件</Filter>
    </ClCompile>
    <ClCompile Include="ParallelTask.cpp">
      <Filter>源文件</Filter>
    </ClCompile>
    <ClCompile Include="LoadState.cpp">
      <Filter>源文件</Filter>
    </ClCompile>
    <ClCompile Include="Application.cpp">
      <Filter>源文件</Filter>
    </ClCompile>
    <ClCompile Include="Component.cpp">
      <Filter>源文件</Filter>
    </ClCompile>
    <ClCompile Include="Container.cpp">
      <Filter>源文件</Filter>
    </ClCompile>
    <ClCompile Include="Label.cpp">
      <Filter>源文件</Filter>
    </ClCompile>
    <ClCompile Include="Button.cpp">
      <Filter>源文件</Filter>
    </ClCompile>
    <ClCompile Include="SettingState.cpp">
      <Filter>源文件</Filter>
    </ClCompile>
    <ClCompile Include="DataTables.cpp">
      <Filter>源文件</Filter>
    </ClCompile>
    <ClCompile Include="TextNode.cpp">
      <Filter>源文件</Filter>
    </ClCompile>
    <ClCompile Include="World.cpp">
      <Filter>源文件</Filter>
    </ClCompile>
    <ClCompile Include="Projectile.cpp">
      <Filter>源文件</Filter>
    </ClCompile>
    <ClCompile Include="Utility.cpp">
      <Filter>源文件</Filter>
    </ClCompile>
    <ClCompile Include="Pickup.cpp">
      <Filter>源文件</Filter>
    </ClCompile>
    <ClCompile Include="GameOverState.cpp">
      <Filter>源文件</Filter>
    </ClCompile>
  </ItemGroup>
  <ItemGroup>
    <ClInclude Include="ResourceHolder.hpp">
      <Filter>头文件</Filter>
    </ClInclude>
    <ClInclude Include="Entity.hpp">
      <Filter>头文件</Filter>
    </ClInclude>
    <ClInclude Include="Aircraft.hpp">
      <Filter>头文件</Filter>
    </ClInclude>
    <ClInclude Include="SceneNode.hpp">
      <Filter>头文件</Filter>
    </ClInclude>
    <ClInclude Include="ResourceIdentifies.hpp">
      <Filter>头文件</Filter>
    </ClInclude>
    <ClInclude Include="SpriteNode.hpp">
      <Filter>头文件</Filter>
    </ClInclude>
    <ClInclude Include="Stringhelper.hpp">
      <Filter>头文件</Filter>
    </ClInclude>
    <ClInclude Include="Command.hpp">
      <Filter>头文件</Filter>
    </ClInclude>
    <ClInclude Include="Category.hpp">
      <Filter>头文件</Filter>
    </ClInclude>
    <ClInclude Include="CommandQueue.hpp">
      <Filter>头文件</Filter>
    </ClInclude>
    <ClInclude Include="Player.hpp">
      <Filter>头文件</Filter>
    </ClInclude>
    <ClInclude Include="StateStack.hpp">
      <Filter>头文件</Filter>
    </ClInclude>
    <ClInclude Include="State.hpp">
      <Filter>头文件</Filter>
    </ClInclude>
    <ClInclude Include="StateIdentifiers.hpp">
      <Filter>头文件</Filter>
    </ClInclude>
    <ClInclude Include="GameState.hpp">
      <Filter>头文件</Filter>
    </ClInclude>
    <ClInclude Include="TitleState.hpp">
      <Filter>头文件</Filter>
    </ClInclude>
    <ClInclude Include="MenuState.hpp">
      <Filter>头文件</Filter>
    </ClInclude>
    <ClInclude Include="PauseState.hpp">
      <Filter>头文件</Filter>
    </ClInclude>
    <ClInclude Include="LoadState.hpp">
      <Filter>头文件</Filter>
    </ClInclude>
    <ClInclude Include="ParallelTask.hpp">
      <Filter>头文件</Filter>
    </ClInclude>
    <ClInclude Include="Application.hpp">
      <Filter>头文件</Filter>
    </ClInclude>
    <ClInclude Include="Component.hpp">
      <Filter>头文件</Filter>
    </ClInclude>
    <ClInclude Include="Container.hpp">
      <Filter>头文件</Filter>
    </ClInclude>
    <ClInclude Include="Label.hpp">
      <Filter>头文件</Filter>
    </ClInclude>
    <ClInclude Include="Button.hpp">
      <Filter>头文件</Filter>
    </ClInclude>
    <ClInclude Include="SettingState.hpp">
      <Filter>头文件</Filter>
    </ClInclude>
    <ClInclude Include="DataTables.hpp">
      <Filter>头文件</Filter>
    </ClInclude>
    <ClInclude Include="TextNode.hpp">
      <Filter>头文件</Filter>
    </ClInclude>
    <ClInclude Include="World.hpp">
      <Filter>头文件</Filter>
    </ClInclude>
    <ClInclude Include="Utility.hpp">
      <Filter>头文件</Filter>
    </ClInclude>
    <ClInclude Include="Projectile.hpp">
      <Filter>头文件</Filter>
    </ClInclude>
    <ClInclude Include="Pickup.hpp">
      <Filter>头文件</Filter>
    </ClInclude>
    <ClInclude Include="GameOverState.hpp">
      <Filter>头文件</Filter>
    </ClInclude>
  </ItemGroup>
  <ItemGroup>
    <None Include="ResourceHolder.inl">
      <Filter>头文件</Filter>
    </None>
    <None Include="ClassDiagram.cd" />
    <None Include="ClassDiagram1.cd" />
    <None Include="ClassDiagram2.cd" />
    <None Include="ClassDiagram3.cd" />
  </ItemGroup>
  <ItemGroup>
    <Image Include="res\myaircraft.png">
      <Filter>资源文件</Filter>
    </Image>
    <Image Include="res\background.png">
      <Filter>资源文件</Filter>
    </Image>
  </ItemGroup>
</Project>