<?xml version="1.0" encoding="utf-8"?>
<Project ToolsVersion="4.0" xmlns="http://schemas.microsoft.com/developer/msbuild/2003">
  <ItemGroup>
    <Filter Include="源文件">
      <UniqueIdentifier>{4FC737F1-C7A5-4376-A066-2A32D752A2FF}</UniqueIdentifier>
      <Extensions>cpp;c;cc;cxx;def;odl;idl;hpj;bat;asm;asmx</Extensions>
    </Filter>
    <Filter Include="头文件">
      <UniqueIdentifier>{93995380-89BD-4b04-88EB-625FBE52EBFB}</UniqueIdentifier>
      <Extensions>h;hh;hpp;hxx;hm;inl;inc;xsd</Extensions>
    </Filter>
    <Filter Include="资源文件">
      <UniqueIdentifier>{67DA6AB6-F800-4c08-8B7A-83BB121AAD01}</UniqueIdentifier>
      <Extensions>rc;ico;cur;bmp;dlg;rc2;rct;bin;rgs;gif;jpg;jpeg;jpe;resx;tiff;tif;png;wav;mfcribbon-ms</Extensions>
    </Filter>
  </ItemGroup>
  <ItemGroup>
    <Text Include="ReadMe.txt" />
  </ItemGroup>
  <ItemGroup>
    <ClInclude Include="stdafx.h">
      <Filter>头文件</Filter>
    </ClInclude>
    <ClInclude Include="targetver.h">
      <Filter>头文件</Filter>
    </ClInclude>
    <ClInclude Include="resource.h">
      <Filter>头文件</Filter>
    </ClInclude>
    <ClInclude Include="Hero.h">
      <Filter>头文件</Filter>
    </ClInclude>
    <ClInclude Include="Sky.h">
      <Filter>头文件</Filter>
    </ClInclude>
    <ClInclude Include="Plane.h">
      <Filter>头文件</Filter>
    </ClInclude>
    <ClInclude Include="Gun.h">
      <Filter>头文件</Filter>
    </ClInclude>
    <ClInclude Include="Bullet.h">
      <Filter>头文件</Filter>
    </ClInclude>
    <ClInclude Include="Sprite.h">
      <Filter>头文件</Filter>
    </ClInclude>
    <ClInclude Include="Enemy.h">
      <Filter>头文件</Filter>
    </ClInclude>
    <ClInclude Include="Texture.h">
      <Filter>头文件</Filter>
    </ClInclude>
    <ClInclude Include="ToolPoint.h">
      <Filter>头文件</Filter>
    </ClInclude>
    <ClInclude Include="LaunchToolPoint.h">
      <Filter>头文件</Filter>
    </ClInclude>
    <ClInclude Include="Boss.h">
      <Filter>头文件</Filter>
    </ClInclude>
  </ItemGroup>
  <ItemGroup>
    <ClCompile Include="stdafx.cpp">
      <Filter>源文件</Filter>
    </ClCompile>
    <ClCompile Include="ConsoleApplication50.cpp">
      <Filter>源文件</Filter>
    </ClCompile>
    <ClCompile Include="Hero.cpp">
      <Filter>源文件</Filter>
    </ClCompile>
    <ClCompile Include="Sky.cpp">
      <Filter>源文件</Filter>
    </ClCompile>
    <ClCompile Include="Plane.cpp">
      <Filter>源文件</Filter>
    </ClCompile>
    <ClCompile Include="Gun.cpp">
      <Filter>源文件</Filter>
    </ClCompile>
    <ClCompile Include="Bullet.cpp">
      <Filter>源文件</Filter>
    </ClCompile>
    <ClCompile Include="Sprite.cpp">
      <Filter>源文件</Filter>
    </ClCompile>
    <ClCompile Include="Enemy.cpp">
      <Filter>源文件</Filter>
    </ClCompile>
    <ClCompile Include="Texture.cpp">
      <Filter>源文件</Filter>
    </ClCompile>
    <ClCompile Include="ToolPoint.cpp">
      <Filter>源文件</Filter>
    </ClCompile>
    <ClCompile Include="LaunchToolPoint.cpp">
      <Filter>源文件</Filter>
    </ClCompile>
    <ClCompile Include="Boss.cpp">
      <Filter>源文件</Filter>
    </ClCompile>
  </ItemGroup>
  <ItemGroup>
    <ResourceCompile Include="ConsoleApplication50.rc">
      <Filter>资源文件</Filter>
    </ResourceCompile>
  </ItemGroup>
  <ItemGroup>
    <Image Include="123.jpg">
      <Filter>资源文件</Filter>
    </Image>
    <Image Include="1.JPG">
      <Filter>资源文件</Filter>
    </Image>
    <Image Include="2.JPG">
      <Filter>资源文件</Filter>
    </Image>
    <Image Include="4.png">
      <Filter>资源文件</Filter>
    </Image>
    <Image Include="Gameover.png">
      <Filter>资源文件</Filter>
    </Image>
    <Image Include="dongpoint.png">
      <Filter>资源文件</Filter>
    </Image>
    <Image Include="enemy1.png">
      <Filter>资源文件</Filter>
    </Image>
    <Image Include="enemytype2.png">
      <Filter>资源文件</Filter>
    </Image>
    <Image Include="enemybullet.png">
      <Filter>资源文件</Filter>
    </Image>
    <Image Include="boss.png">
      <Filter>资源文件</Filter>
    </Image>
    <Image Include="Ppoint.JPG">
      <Filter>资源文件</Filter>
    </Image>
    <Image Include="DongPoint.JPG">
      <Filter>资源文件</Filter>
    </Image>
  </ItemGroup>
  <ItemGroup>
    <Media Include="th.mp3" />
  </ItemGroup>
  <ItemGroup>
    <None Include="th3.m4a" />
  </ItemGroup>
</Project>